
Microsoft Visual Studio Solution File, Format Version 12.00
# Visual Studio Version 16
VisualStudioVersion = 16.0.28803.452
MinimumVisualStudioVersion = 10.0.40219.1
Project("{2150E333-8FDC-42A3-9474-1A3956D46DE8}") = "2 - Domain", "2 - Domain", "{D590CABC-2BB6-4AC9-9536-7F09D541F7C3}"
EndProject
Project("{2150E333-8FDC-42A3-9474-1A3956D46DE8}") = "3 - Infra", "3 - Infra", "{08EC0851-1B60-441E-B030-A9AEA891A4DA}"
EndProject
Project("{2150E333-8FDC-42A3-9474-1A3956D46DE8}") = "3.1 - Data", "3.1 - Data", "{2B6876B3-9CBE-4150-B248-26C814ABDD01}"
EndProject
Project("{2150E333-8FDC-42A3-9474-1A3956D46DE8}") = "3.2 - CrossCutting", "3.2 - CrossCutting", "{FDBF148A-23D8-48FF-A44C-7AF0936EF89B}"
EndProject
Project("{9A19103F-16F7-4668-BE54-9A1E7A4F7556}") = "SSO.Domain", "SSO.Domain\SSO.Domain.csproj", "{3A0CDA38-6BD5-4B5B-BD65-F9FF72D4CE09}"
EndProject
Project("{2150E333-8FDC-42A3-9474-1A3956D46DE8}") = "4 - Tests", "4 - Tests", "{DBAFF815-86B3-4D00-B489-6C7B9DA4831A}"
EndProject
Project("{9A19103F-16F7-4668-BE54-9A1E7A4F7556}") = "SSO.Infra.Data", "SSO.Infra.Data\SSO.Infra.Data.csproj", "{D2424BDB-3CAD-4B8D-9061-CB6E96329739}"
EndProject
Project("{2150E333-8FDC-42A3-9474-1A3956D46DE8}") = "3.2.2 - IoC", "3.2.2 - IoC", "{BEBC4E3B-03EE-4F2F-9D58-62A7273A750B}"
EndProject
Project("{2150E333-8FDC-42A3-9474-1A3956D46DE8}") = "3.2.3 - ServiceLocator", "3.2.3 - ServiceLocator", "{6C2B6A94-98B4-4D26-A2F5-E6B1684A78CC}"
EndProject
Project("{2150E333-8FDC-42A3-9474-1A3956D46DE8}") = "1 - Api", "1 - Api", "{673EC23F-5E9E-450E-9DB5-6F0B35FF69A6}"
EndProject
Project("{9A19103F-16F7-4668-BE54-9A1E7A4F7556}") = "Api", "Api\Api.csproj", "{597EFB25-BBB9-444E-B127-E9D88D458312}"
EndProject
Project("{9A19103F-16F7-4668-BE54-9A1E7A4F7556}") = "SSO.Infra.IoC", "SSO.Infra.IoC\SSO.Infra.IoC.csproj", "{42790277-0396-497D-B23F-D1BFD97CE658}"
EndProject
Project("{9A19103F-16F7-4668-BE54-9A1E7A4F7556}") = "SSO.Infra.ServiceLocator", "SSO.Infra.ServiceLocator\SSO.Infra.ServiceLocator.csproj", "{F24A9EAB-30CF-40BB-A73B-B0D3E199F858}"
EndProject
Project("{2150E333-8FDC-42A3-9474-1A3956D46DE8}") = "3.2.4 - Helpers", "3.2.4 - Helpers", "{A6EFDF17-7CCA-4D9F-BBC9-AEB3F06473AE}"
EndProject
Project("{9A19103F-16F7-4668-BE54-9A1E7A4F7556}") = "SSO.Infra.Helpers", "SSO.Infra.Helpers\SSO.Infra.Helpers.csproj", "{5870E458-E96C-40B6-98C6-E949F7530DDB}"
EndProject
Project("{9A19103F-16F7-4668-BE54-9A1E7A4F7556}") = "SSO.Domain.Models", "SSO.Domain.Models\SSO.Domain.Models.csproj", "{083086D5-ED85-4625-B00A-3DC4AC19F0AB}"
EndProject
Project("{9A19103F-16F7-4668-BE54-9A1E7A4F7556}") = "SSO.Tests.Domain.Models", "SSO.Tests.Domain.Models\SSO.Tests.Domain.Models.csproj", "{0016664B-7349-44F6-B333-E906684A180E}"
EndProject
Project("{9A19103F-16F7-4668-BE54-9A1E7A4F7556}") = "SSO.Tests.Shared", "SSO.Tests.Shared\SSO.Tests.Shared.csproj", "{B8510B46-6FEF-4974-AF07-C125DA340866}"
EndProject
Project("{9A19103F-16F7-4668-BE54-9A1E7A4F7556}") = "SSO.Tests.Domain", "SSO.Tests.Domain\SSO.Tests.Domain.csproj", "{E2342F10-409B-4319-8A10-07D068D41158}"
EndProject
Project("{2150E333-8FDC-42A3-9474-1A3956D46DE8}") = "3.2.1 - AppSettings", "3.2.1 - AppSettings", "{6F4140A8-846A-4419-BDC0-FB732BD9B913}"
EndProject
Project("{FAE04EC0-301F-11D3-BF4B-00C04F79EFBC}") = "SSO.Infra.AppConfiguration", "SSO.Infra.AppConfiguration\SSO.Infra.AppConfiguration.csproj", "{F6C79DBD-4F72-4D93-BF5D-451086534BC0}"
EndProject
Global
	GlobalSection(SolutionConfigurationPlatforms) = preSolution
		Debug|Any CPU = Debug|Any CPU
		Release|Any CPU = Release|Any CPU
	EndGlobalSection
	GlobalSection(ProjectConfigurationPlatforms) = postSolution
		{3A0CDA38-6BD5-4B5B-BD65-F9FF72D4CE09}.Debug|Any CPU.ActiveCfg = Debug|Any CPU
		{3A0CDA38-6BD5-4B5B-BD65-F9FF72D4CE09}.Debug|Any CPU.Build.0 = Debug|Any CPU
		{3A0CDA38-6BD5-4B5B-BD65-F9FF72D4CE09}.Release|Any CPU.ActiveCfg = Release|Any CPU
		{3A0CDA38-6BD5-4B5B-BD65-F9FF72D4CE09}.Release|Any CPU.Build.0 = Release|Any CPU
		{D2424BDB-3CAD-4B8D-9061-CB6E96329739}.Debug|Any CPU.ActiveCfg = Debug|Any CPU
		{D2424BDB-3CAD-4B8D-9061-CB6E96329739}.Debug|Any CPU.Build.0 = Debug|Any CPU
		{D2424BDB-3CAD-4B8D-9061-CB6E96329739}.Release|Any CPU.ActiveCfg = Release|Any CPU
		{D2424BDB-3CAD-4B8D-9061-CB6E96329739}.Release|Any CPU.Build.0 = Release|Any CPU
		{597EFB25-BBB9-444E-B127-E9D88D458312}.Debug|Any CPU.ActiveCfg = Debug|Any CPU
		{597EFB25-BBB9-444E-B127-E9D88D458312}.Debug|Any CPU.Build.0 = Debug|Any CPU
		{597EFB25-BBB9-444E-B127-E9D88D458312}.Release|Any CPU.ActiveCfg = Release|Any CPU
		{597EFB25-BBB9-444E-B127-E9D88D458312}.Release|Any CPU.Build.0 = Release|Any CPU
		{42790277-0396-497D-B23F-D1BFD97CE658}.Debug|Any CPU.ActiveCfg = Debug|Any CPU
		{42790277-0396-497D-B23F-D1BFD97CE658}.Debug|Any CPU.Build.0 = Debug|Any CPU
		{42790277-0396-497D-B23F-D1BFD97CE658}.Release|Any CPU.ActiveCfg = Release|Any CPU
		{42790277-0396-497D-B23F-D1BFD97CE658}.Release|Any CPU.Build.0 = Release|Any CPU
		{F24A9EAB-30CF-40BB-A73B-B0D3E199F858}.Debug|Any CPU.ActiveCfg = Debug|Any CPU
		{F24A9EAB-30CF-40BB-A73B-B0D3E199F858}.Debug|Any CPU.Build.0 = Debug|Any CPU
		{F24A9EAB-30CF-40BB-A73B-B0D3E199F858}.Release|Any CPU.ActiveCfg = Release|Any CPU
		{F24A9EAB-30CF-40BB-A73B-B0D3E199F858}.Release|Any CPU.Build.0 = Release|Any CPU
		{5870E458-E96C-40B6-98C6-E949F7530DDB}.Debug|Any CPU.ActiveCfg = Debug|Any CPU
		{5870E458-E96C-40B6-98C6-E949F7530DDB}.Debug|Any CPU.Build.0 = Debug|Any CPU
		{5870E458-E96C-40B6-98C6-E949F7530DDB}.Release|Any CPU.ActiveCfg = Release|Any CPU
		{5870E458-E96C-40B6-98C6-E949F7530DDB}.Release|Any CPU.Build.0 = Release|Any CPU
		{083086D5-ED85-4625-B00A-3DC4AC19F0AB}.Debug|Any CPU.ActiveCfg = Debug|Any CPU
		{083086D5-ED85-4625-B00A-3DC4AC19F0AB}.Debug|Any CPU.Build.0 = Debug|Any CPU
		{083086D5-ED85-4625-B00A-3DC4AC19F0AB}.Release|Any CPU.ActiveCfg = Release|Any CPU
		{083086D5-ED85-4625-B00A-3DC4AC19F0AB}.Release|Any CPU.Build.0 = Release|Any CPU
		{0016664B-7349-44F6-B333-E906684A180E}.Debug|Any CPU.ActiveCfg = Debug|Any CPU
		{0016664B-7349-44F6-B333-E906684A180E}.Debug|Any CPU.Build.0 = Debug|Any CPU
		{0016664B-7349-44F6-B333-E906684A180E}.Release|Any CPU.ActiveCfg = Release|Any CPU
		{0016664B-7349-44F6-B333-E906684A180E}.Release|Any CPU.Build.0 = Release|Any CPU
		{B8510B46-6FEF-4974-AF07-C125DA340866}.Debug|Any CPU.ActiveCfg = Debug|Any CPU
		{B8510B46-6FEF-4974-AF07-C125DA340866}.Debug|Any CPU.Build.0 = Debug|Any CPU
		{B8510B46-6FEF-4974-AF07-C125DA340866}.Release|Any CPU.ActiveCfg = Release|Any CPU
		{B8510B46-6FEF-4974-AF07-C125DA340866}.Release|Any CPU.Build.0 = Release|Any CPU
		{E2342F10-409B-4319-8A10-07D068D41158}.Debug|Any CPU.ActiveCfg = Debug|Any CPU
		{E2342F10-409B-4319-8A10-07D068D41158}.Debug|Any CPU.Build.0 = Debug|Any CPU
		{E2342F10-409B-4319-8A10-07D068D41158}.Release|Any CPU.ActiveCfg = Release|Any CPU
		{E2342F10-409B-4319-8A10-07D068D41158}.Release|Any CPU.Build.0 = Release|Any CPU
		{F6C79DBD-4F72-4D93-BF5D-451086534BC0}.Debug|Any CPU.ActiveCfg = Debug|Any CPU
		{F6C79DBD-4F72-4D93-BF5D-451086534BC0}.Debug|Any CPU.Build.0 = Debug|Any CPU
		{F6C79DBD-4F72-4D93-BF5D-451086534BC0}.Release|Any CPU.ActiveCfg = Release|Any CPU
		{F6C79DBD-4F72-4D93-BF5D-451086534BC0}.Release|Any CPU.Build.0 = Release|Any CPU
	EndGlobalSection
	GlobalSection(SolutionProperties) = preSolution
		HideSolutionNode = FALSE
	EndGlobalSection
	GlobalSection(NestedProjects) = preSolution
		{2B6876B3-9CBE-4150-B248-26C814ABDD01} = {08EC0851-1B60-441E-B030-A9AEA891A4DA}
		{FDBF148A-23D8-48FF-A44C-7AF0936EF89B} = {08EC0851-1B60-441E-B030-A9AEA891A4DA}
		{3A0CDA38-6BD5-4B5B-BD65-F9FF72D4CE09} = {D590CABC-2BB6-4AC9-9536-7F09D541F7C3}
		{D2424BDB-3CAD-4B8D-9061-CB6E96329739} = {2B6876B3-9CBE-4150-B248-26C814ABDD01}
		{BEBC4E3B-03EE-4F2F-9D58-62A7273A750B} = {FDBF148A-23D8-48FF-A44C-7AF0936EF89B}
		{6C2B6A94-98B4-4D26-A2F5-E6B1684A78CC} = {FDBF148A-23D8-48FF-A44C-7AF0936EF89B}
		{597EFB25-BBB9-444E-B127-E9D88D458312} = {673EC23F-5E9E-450E-9DB5-6F0B35FF69A6}
		{42790277-0396-497D-B23F-D1BFD97CE658} = {BEBC4E3B-03EE-4F2F-9D58-62A7273A750B}
		{F24A9EAB-30CF-40BB-A73B-B0D3E199F858} = {6C2B6A94-98B4-4D26-A2F5-E6B1684A78CC}
		{A6EFDF17-7CCA-4D9F-BBC9-AEB3F06473AE} = {FDBF148A-23D8-48FF-A44C-7AF0936EF89B}
		{5870E458-E96C-40B6-98C6-E949F7530DDB} = {A6EFDF17-7CCA-4D9F-BBC9-AEB3F06473AE}
		{083086D5-ED85-4625-B00A-3DC4AC19F0AB} = {D590CABC-2BB6-4AC9-9536-7F09D541F7C3}
		{0016664B-7349-44F6-B333-E906684A180E} = {DBAFF815-86B3-4D00-B489-6C7B9DA4831A}
		{B8510B46-6FEF-4974-AF07-C125DA340866} = {DBAFF815-86B3-4D00-B489-6C7B9DA4831A}
		{E2342F10-409B-4319-8A10-07D068D41158} = {DBAFF815-86B3-4D00-B489-6C7B9DA4831A}
		{6F4140A8-846A-4419-BDC0-FB732BD9B913} = {FDBF148A-23D8-48FF-A44C-7AF0936EF89B}
		{F6C79DBD-4F72-4D93-BF5D-451086534BC0} = {6F4140A8-846A-4419-BDC0-FB732BD9B913}
	EndGlobalSection
	GlobalSection(ExtensibilityGlobals) = postSolution
		SolutionGuid = {823EFAA8-FD50-4964-AE56-E9796B892FE4}
	EndGlobalSection
EndGlobal
